
Microsoft Visual Studio Solution File, Format Version 12.00
# Visual Studio Version 17
VisualStudioVersion = 17.0.32126.317
MinimumVisualStudioVersion = 10.0.40219.1
Project("{FAE04EC0-301F-11D3-BF4B-00C04F79EFBC}") = "Ejercicios", "Ejercicios\Ejercicios.csproj", "{D2EC23B4-807F-4C2A-AA1C-B367A90D3D58}"
EndProject
Global
	GlobalSection(SolutionConfigurationPlatforms) = preSolution
		Debug|Any CPU = Debug|Any CPU
		Release|Any CPU = Release|Any CPU
	EndGlobalSection
	GlobalSection(ProjectConfigurationPlatforms) = postSolution
		{D2EC23B4-807F-4C2A-AA1C-B367A90D3D58}.Debug|Any CPU.ActiveCfg = Debug|Any CPU
		{D2EC23B4-807F-4C2A-AA1C-B367A90D3D58}.Debug|Any CPU.Build.0 = Debug|Any CPU
		{D2EC23B4-807F-4C2A-AA1C-B367A90D3D58}.Release|Any CPU.ActiveCfg = Release|Any CPU
		{D2EC23B4-807F-4C2A-AA1C-B367A90D3D58}.Release|Any CPU.Build.0 = Release|Any CPU
	EndGlobalSection
	GlobalSection(SolutionProperties) = preSolution
		HideSolutionNode = FALSE
	EndGlobalSection
	GlobalSection(ExtensibilityGlobals) = postSolution
		SolutionGuid = {A5700EC8-8F56-4552-A5DF-13010CC84028}
	EndGlobalSection
EndGlobal
